PODS:
  - Bolts/Tasks (1.5.0)
  - GoogleMaps (1.11.1)
  - Parse (1.11.0):
    - Bolts/Tasks (~> 1.5)
  - SwiftyJSON (2.3.2)

DEPENDENCIES:
  - GoogleMaps (~> 1.11)
  - Parse (~> 1.11)
  - SwiftyJSON (~> 2.3)

SPEC CHECKSUMS:
  Bolts: 722ab9a4f8b50fc4ed1b9998a5a7a2b3f16d80b4
  GoogleMaps: c947160008f414c66707a5ea60f35e92055c7670
  Parse: 886af46a0a677402f6374bb97ac212e795f70afe
  SwiftyJSON: 04ccea08915aa0109039157c7974cf0298da292a

COCOAPODS: 0.39.0
